
Microsoft Visual Studio Solution File, Format Version 12.00
# Visual Studio Version 17
VisualStudioVersion = 17.11.35312.102
MinimumVisualStudioVersion = 10.0.40219.1
Project("{9A19103F-16F7-4668-BE54-9A1E7A4F7556}") = "WebApi", "WebApi.csproj", "{526BCD23-9220-40D4-A6FB-07F053609936}"
EndProject
Project("{FAE04EC0-301F-11D3-BF4B-00C04F79EFBC}") = "WebApi.Tests", "..\WebApi.Tests\WebApi.Tests.csproj", "{CBF0521A-1118-4B5D-B801-AB53F2D1229F}"
EndProject
Global
	GlobalSection(SolutionConfigurationPlatforms) = preSolution
		Debug|Any CPU = Debug|Any CPU
		Release|Any CPU = Release|Any CPU
	EndGlobalSection
	GlobalSection(ProjectConfigurationPlatforms) = postSolution
		{526BCD23-9220-40D4-A6FB-07F053609936}.Debug|Any CPU.ActiveCfg = Debug|Any CPU
		{526BCD23-9220-40D4-A6FB-07F053609936}.Debug|Any CPU.Build.0 = Debug|Any CPU
		{526BCD23-9220-40D4-A6FB-07F053609936}.Release|Any CPU.ActiveCfg = Release|Any CPU
		{526BCD23-9220-40D4-A6FB-07F053609936}.Release|Any CPU.Build.0 = Release|Any CPU
		{CBF0521A-1118-4B5D-B801-AB53F2D1229F}.Debug|Any CPU.ActiveCfg = Debug|Any CPU
		{CBF0521A-1118-4B5D-B801-AB53F2D1229F}.Debug|Any CPU.Build.0 = Debug|Any CPU
		{CBF0521A-1118-4B5D-B801-AB53F2D1229F}.Release|Any CPU.ActiveCfg = Release|Any CPU
		{CBF0521A-1118-4B5D-B801-AB53F2D1229F}.Release|Any CPU.Build.0 = Release|Any CPU
	EndGlobalSection
	GlobalSection(SolutionProperties) = preSolution
		HideSolutionNode = FALSE
	EndGlobalSection
	GlobalSection(ExtensibilityGlobals) = postSolution
		SolutionGuid = {6647616B-96E0-49E0-ADEB-8AB8EE0A158A}
	EndGlobalSection
EndGlobal
